// !$*UTF8*$!
{
	archiveVersion = 1;
	classes = {
	};
	objectVersion = 55;
	objects = {

/* Begin PBXBuildFile section */
		526251B627F554C500B24F3F /* AppDelegate.swift in Sources */ = {isa = PBXBuildFile; fileRef = 526251B527F554C500B24F3F /* AppDelegate.swift */; };
		526251B827F554C500B24F3F /* SceneDelegate.swift in Sources */ = {isa = PBXBuildFile; fileRef = 526251B727F554C500B24F3F /* SceneDelegate.swift */; };
		526251BA27F554C500B24F3F /* ViewController.swift in Sources */ = {isa = PBXBuildFile; fileRef = 526251B927F554C500B24F3F /* ViewController.swift */; };
		526251BD27F554C500B24F3F /* Main.storyboard in Resources */ = {isa = PBXBuildFile; fileRef = 526251BB27F554C500B24F3F /* Main.storyboard */; };
		526251BF27F554C700B24F3F /* Assets.xcassets in Resources */ = {isa = PBXBuildFile; fileRef = 526251BE27F554C700B24F3F /* Assets.xcassets */; };
		526251C227F554C700B24F3F /* LaunchScreen.storyboard in Resources */ = {isa = PBXBuildFile; fileRef = 526251C027F554C700B24F3F /* LaunchScreen.storyboard */; };
		526251CA27F555FE00B24F3F /* Drinks.plist in Resources */ = {isa = PBXBuildFile; fileRef = 526251C927F555FE00B24F3F /* Drinks.plist */; };
		526251CE27F558E000B24F3F /* DataModel.swift in Sources */ = {isa = PBXBuildFile; fileRef = 526251CD27F558E000B24F3F /* DataModel.swift */; };
		526251D027F5597600B24F3F /* TableViewController.swift in Sources */ = {isa = PBXBuildFile; fileRef = 526251CF27F5597600B24F3F /* TableViewController.swift */; };
		991201C82800B37D00713A90 /* AddBViewController.swift in Sources */ = {isa = PBXBuildFile; fileRef = 991201C72800B37D00713A90 /* AddBViewController.swift */; };
		99FB2FEC2800C17D00839C39 /* Practica3.xcdatamodeld in Sources */ = {isa = PBXBuildFile; fileRef = 99FB2FEA2800C17D00839C39 /* Practica3.xcdatamodeld */; };
		99FB2FF42800CB0800839C39 /* Drinks+CoreDataClass.swift in Sources */ = {isa = PBXBuildFile; fileRef = 99FB2FF22800CB0800839C39 /* Drinks+CoreDataClass.swift */; };
		99FB2FF52800CB0800839C39 /* Drinks+CoreDataProperties.swift in Sources */ = {isa = PBXBuildFile; fileRef = 99FB2FF32800CB0800839C39 /* Drinks+CoreDataProperties.swift */; };
/* End PBXBuildFile section */

/* Begin PBXFileReference section */
		526251B227F554C500B24F3F /* Practica3.app */ = {isa = PBXFileReference; explicitFileType = wrapper.application; includeInIndex = 0; path = Practica3.app; sourceTree = BUILT_PRODUCTS_DIR; };
		526251B527F554C500B24F3F /* AppDelegate.swift */ = {isa = PBXFileReference; lastKnownFileType = sourcecode.swift; path = AppDelegate.swift; sourceTree = "<group>"; };
		526251B727F554C500B24F3F /* SceneDelegate.swift */ = {isa = PBXFileReference; lastKnownFileType = sourcecode.swift; path = SceneDelegate.swift; sourceTree = "<group>"; };
		526251B927F554C500B24F3F /* ViewController.swift */ = {isa = PBXFileReference; lastKnownFileType = sourcecode.swift; path = ViewController.swift; sourceTree = "<group>"; };
		526251BC27F554C500B24F3F /* Base */ = {isa = PBXFileReference; lastKnownFileType = file.storyboard; name = Base; path = Base.lproj/Main.storyboard; sourceTree = "<group>"; };
		526251BE27F554C700B24F3F /* Assets.xcassets */ = {isa = PBXFileReference; lastKnownFileType = folder.assetcatalog; path = Assets.xcassets; sourceTree = "<group>"; };
		526251C127F554C700B24F3F /* Base */ = {isa = PBXFileReference; lastKnownFileType = file.storyboard; name = Base; path = Base.lproj/LaunchScreen.storyboard; sourceTree = "<group>"; };
		526251C327F554C700B24F3F /* Info.plist */ = {isa = PBXFileReference; lastKnownFileType = text.plist.xml; path = Info.plist; sourceTree = "<group>"; };
		526251C927F555FE00B24F3F /* Drinks.plist */ = {isa = PBXFileReference; fileEncoding = 4; lastKnownFileType = text.plist.xml; name = Drinks.plist; path = "../../../../Downloads/Practica3_IOS-main/Drinks.plist"; sourceTree = SOURCE_ROOT; };
		526251CD27F558E000B24F3F /* DataModel.swift */ = {isa = PBXFileReference; lastKnownFileType = sourcecode.swift; path = DataModel.swift; sourceTree = "<group>"; };
		526251CF27F5597600B24F3F /* TableViewController.swift */ = {isa = PBXFileReference; lastKnownFileType = sourcecode.swift; path = TableViewController.swift; sourceTree = "<group>"; };
		991201C72800B37D00713A90 /* AddBViewController.swift */ = {isa = PBXFileReference; lastKnownFileType = sourcecode.swift; path = AddBViewController.swift; sourceTree = "<group>"; };
		99FB2FEB2800C17D00839C39 /* Practica3.xcdatamodel */ = {isa = PBXFileReference; lastKnownFileType = wrapper.xcdatamodel; path = Practica3.xcdatamodel; sourceTree = "<group>"; };
		99FB2FF22800CB0800839C39 /* Drinks+CoreDataClass.swift */ = {isa = PBXFileReference; lastKnownFileType = sourcecode.swift; path = "Drinks+CoreDataClass.swift"; sourceTree = "<group>"; };
		99FB2FF32800CB0800839C39 /* Drinks+CoreDataProperties.swift */ = {isa = PBXFileReference; lastKnownFileType = sourcecode.swift; path = "Drinks+CoreDataProperties.swift"; sourceTree = "<group>"; };
/* End PBXFileReference section */

/* Begin PBXFrameworksBuildPhase section */
		526251AF27F554C500B24F3F /* Frameworks */ = {
			isa = PBXFrameworksBuildPhase;
			buildActionMask = 2147483647;
			files = (
			);
			runOnlyForDeploymentPostprocessing = 0;
		};
/* End PBXFrameworksBuildPhase section */

/* Begin PBXGroup section */
		526251A927F554C500B24F3F = {
			isa = PBXGroup;
			children = (
				526251B427F554C500B24F3F /* Practica3 */,
				526251B327F554C500B24F3F /* Products */,
			);
			sourceTree = "<group>";
		};
		526251B327F554C500B24F3F /* Products */ = {
			isa = PBXGroup;
			children = (
				526251B227F554C500B24F3F /* Practica3.app */,
			);
			name = Products;
			sourceTree = "<group>";
		};
		526251B427F554C500B24F3F /* Practica3 */ = {
			isa = PBXGroup;
			children = (
				99FB2FF12800C2C900839C39 /* DrinksItem */,
				526251C927F555FE00B24F3F /* Drinks.plist */,
				526251B527F554C500B24F3F /* AppDelegate.swift */,
				526251B727F554C500B24F3F /* SceneDelegate.swift */,
				526251B927F554C500B24F3F /* ViewController.swift */,
				526251BB27F554C500B24F3F /* Main.storyboard */,
				526251BE27F554C700B24F3F /* Assets.xcassets */,
				526251C027F554C700B24F3F /* LaunchScreen.storyboard */,
				526251C327F554C700B24F3F /* Info.plist */,
				526251CD27F558E000B24F3F /* DataModel.swift */,
				526251CF27F5597600B24F3F /* TableViewController.swift */,
				991201C72800B37D00713A90 /* AddBViewController.swift */,
				99FB2FEA2800C17D00839C39 /* Practica3.xcdatamodeld */,
			);
			path = Practica3;
			sourceTree = "<group>";
		};
		99FB2FF12800C2C900839C39 /* DrinksItem */ = {
			isa = PBXGroup;
			children = (
				99FB2FF22800CB0800839C39 /* Drinks+CoreDataClass.swift */,
				99FB2FF32800CB0800839C39 /* Drinks+CoreDataProperties.swift */,
			);
			path = DrinksItem;
			sourceTree = "<group>";
		};
/* End PBXGroup section */

/* Begin PBXNativeTarget section */
		526251B127F554C500B24F3F /* Practica3 */ = {
			isa = PBXNativeTarget;
			buildConfigurationList = 526251C627F554C700B24F3F /* Build configuration list for PBXNativeTarget "Practica3" */;
			buildPhases = (
				526251AE27F554C500B24F3F /* Sources */,
				526251AF27F554C500B24F3F /* Frameworks */,
				526251B027F554C500B24F3F /* Resources */,
			);
			buildRules = (
			);
			dependencies = (
			);
			name = Practica3;
			productName = Practica3;
			productReference = 526251B227F554C500B24F3F /* Practica3.app */;
			productType = "com.apple.product-type.application";
		};
/* End PBXNativeTarget section */

/* Begin PBXProject section */
		526251AA27F554C500B24F3F /* Project object */ = {
			isa = PBXProject;
			attributes = {
				BuildIndependentTargetsInParallel = 1;
				LastSwiftUpdateCheck = 1330;
				LastUpgradeCheck = 1330;
				TargetAttributes = {
					526251B127F554C500B24F3F = {
						CreatedOnToolsVersion = 13.3;
					};
				};
			};
			buildConfigurationList = 526251AD27F554C500B24F3F /* Build configuration list for PBXProject "Practica3" */;
			compatibilityVersion = "Xcode 13.0";
			developmentRegion = en;
			hasScannedForEncodings = 0;
			knownRegions = (
				en,
				Base,
			);
			mainGroup = 526251A927F554C500B24F3F;
			productRefGroup = 526251B327F554C500B24F3F /* Products */;
			projectDirPath = "";
			projectRoot = "";
			targets = (
				526251B127F554C500B24F3F /* Practica3 */,
			);
		};
/* End PBXProject section */

/* Begin PBXResourcesBuildPhase section */
		526251B027F554C500B24F3F /* Resources */ = {
			isa = PBXResourcesBuildPhase;
			buildActionMask = 2147483647;
			files = (
				526251C227F554C700B24F3F /* LaunchScreen.storyboard in Resources */,
				526251CA27F555FE00B24F3F /* Drinks.plist in Resources */,
				526251BF27F554C700B24F3F /* Assets.xcassets in Resources */,
				526251BD27F554C500B24F3F /* Main.storyboard in Resources */,
			);
			runOnlyForDeploymentPostprocessing = 0;
		};
/* End PBXResourcesBuildPhase section */

/* Begin PBXSourcesBuildPhase section */
		526251AE27F554C500B24F3F /* Sources */ = {
			isa = PBXSourcesBuildPhase;
			buildActionMask = 2147483647;
			files = (
				99FB2FEC2800C17D00839C39 /* Practica3.xcdatamodeld in Sources */,
				99FB2FF52800CB0800839C39 /* Drinks+CoreDataProperties.swift in Sources */,
				526251CE27F558E000B24F3F /* DataModel.swift in Sources */,
				991201C82800B37D00713A90 /* AddBViewController.swift in Sources */,
				526251BA27F554C500B24F3F /* ViewController.swift in Sources */,
				99FB2FF42800CB0800839C39 /* Drinks+CoreDataClass.swift in Sources */,
				526251B627F554C500B24F3F /* AppDelegate.swift in Sources */,
				526251D027F5597600B24F3F /* TableViewController.swift in Sources */,
				526251B827F554C500B24F3F /* SceneDelegate.swift in Sources */,
			);
			runOnlyForDeploymentPostprocessing = 0;
		};
/* End PBXSourcesBuildPhase section */

/* Begin PBXVariantGroup section */
		526251BB27F554C500B24F3F /* Main.storyboard */ = {
			isa = PBXVariantGroup;
			children = (
				526251BC27F554C500B24F3F /* Base */,
			);
			name = Main.storyboard;
			sourceTree = "<group>";
		};
		526251C027F554C700B24F3F /* LaunchScreen.storyboard */ = {
			isa = PBXVariantGroup;
			children = (
				526251C127F554C700B24F3F /* Base */,
			);
			name = LaunchScreen.storyboard;
			sourceTree = "<group>";
		};
/* End PBXVariantGroup section */

/* Begin XCBuildConfiguration section */
		526251C427F554C700B24F3F /* Debug */ = {
			isa = XCBuildConfiguration;
			buildSettings = {
				ALWAYS_SEARCH_USER_PATHS = NO;
				CLANG_ANALYZER_NONNULL = YES;
				CLANG_ANALYZER_NUMBER_OBJECT_CONVERSION = YES_AGGRESSIVE;
				CLANG_CXX_LANGUAGE_STANDARD = "gnu++17";
				CLANG_ENABLE_MODULES = YES;
				CLANG_ENABLE_OBJC_ARC = YES;
				CLANG_ENABLE_OBJC_WEAK = YES;
				CLANG_WARN_BLOCK_CAPTURE_AUTORELEASING = YES;
				CLANG_WARN_BOOL_CONVERSION = YES;
				CLANG_WARN_COMMA = YES;
				CLANG_WARN_CONSTANT_CONVERSION = YES;
				CLANG_WARN_DEPRECATED_OBJC_IMPLEMENTATIONS = YES;
				CLANG_WARN_DIRECT_OBJC_ISA_USAGE = YES_ERROR;
				CLANG_WARN_DOCUMENTATION_COMMENTS = YES;
				CLANG_WARN_EMPTY_BODY = YES;
				CLANG_WARN_ENUM_CONVERSION = YES;
				CLANG_WARN_INFINITE_RECURSION = YES;
				CLANG_WARN_INT_CONVERSION = YES;
				CLANG_WARN_NON_LITERAL_NULL_CONVERSION = YES;
				CLANG_WARN_OBJC_IMPLICIT_RETAIN_SELF = YES;
				CLANG_WARN_OBJC_LITERAL_CONVERSION = YES;
				CLANG_WARN_OBJC_ROOT_CLASS = YES_ERROR;
				CLANG_WARN_QUOTED_INCLUDE_IN_FRAMEWORK_HEADER = YES;
				CLANG_WARN_RANGE_LOOP_ANALYSIS = YES;
				CLANG_WARN_STRICT_PROTOTYPES = YES;
				CLANG_WARN_SUSPICIOUS_MOVE = YES;
				CLANG_WARN_UNGUARDED_AVAILABILITY = YES_AGGRESSIVE;
				CLANG_WARN_UNREACHABLE_CODE = YES;
				CLANG_WARN__DUPLICATE_METHOD_MATCH = YES;
				COPY_PHASE_STRIP = NO;
				DEBUG_INFORMATION_FORMAT = dwarf;
				ENABLE_STRICT_OBJC_MSGSEND = YES;
				ENABLE_TESTABILITY = YES;
				GCC_C_LANGUAGE_STANDARD = gnu11;
				GCC_DYNAMIC_NO_PIC = NO;
				GCC_NO_COMMON_BLOCKS = YES;
				GCC_OPTIMIZATION_LEVEL = 0;
				GCC_PREPROCESSOR_DEFINITIONS = (
					"DEBUG=1",
					"$(inherited)",
				);
				GCC_WARN_64_TO_32_BIT_CONVERSION = YES;
				GCC_WARN_ABOUT_RETURN_TYPE = YES_ERROR;
				GCC_WARN_UNDECLARED_SELECTOR = YES;
				GCC_WARN_UNINITIALIZED_AUTOS = YES_AGGRESSIVE;
				GCC_WARN_UNUSED_FUNCTION = YES;
				GCC_WARN_UNUSED_VARIABLE = YES;
				IPHONEOS_DEPLOYMENT_TARGET = 15.4;
				MTL_ENABLE_DEBUG_INFO = INCLUDE_SOURCE;
				MTL_FAST_MATH = YES;
				ONLY_ACTIVE_ARCH = YES;
				SDKROOT = iphoneos;
				SWIFT_ACTIVE_COMPILATION_CONDITIONS = DEBUG;
				SWIFT_OPTIMIZATION_LEVEL = "-Onone";
			};
			name = Debug;
		};
		526251C527F554C700B24F3F /* Release */ = {
			isa = XCBuildConfiguration;
			buildSettings = {
				ALWAYS_SEARCH_USER_PATHS = NO;
				CLANG_ANALYZER_NONNULL = YES;
				CLANG_ANALYZER_NUMBER_OBJECT_CONVERSION = YES_AGGRESSIVE;
				CLANG_CXX_LANGUAGE_STANDARD = "gnu++17";
				CLANG_ENABLE_MODULES = YES;
				CLANG_ENABLE_OBJC_ARC = YES;
				CLANG_ENABLE_OBJC_WEAK = YES;
				CLANG_WARN_BLOCK_CAPTURE_AUTORELEASING = YES;
				CLANG_WARN_BOOL_CONVERSION = YES;
				CLANG_WARN_COMMA = YES;
				CLANG_WARN_CONSTANT_CONVERSION = YES;
				CLANG_WARN_DEPRECATED_OBJC_IMPLEMENTATIONS = YES;
				CLANG_WARN_DIRECT_OBJC_ISA_USAGE = YES_ERROR;
				CLANG_WARN_DOCUMENTATION_COMMENTS = YES;
				CLANG_WARN_EMPTY_BODY = YES;
				CLANG_WARN_ENUM_CONVERSION = YES;
				CLANG_WARN_INFINITE_RECURSION = YES;
				CLANG_WARN_INT_CONVERSION = YES;
				CLANG_WARN_NON_LITERAL_NULL_CONVERSION = YES;
				CLANG_WARN_OBJC_IMPLICIT_RETAIN_SELF = YES;
				CLANG_WARN_OBJC_LITERAL_CONVERSION = YES;
				CLANG_WARN_OBJC_ROOT_CLASS = YES_ERROR;
				CLANG_WARN_QUOTED_INCLUDE_IN_FRAMEWORK_HEADER = YES;
				CLANG_WARN_RANGE_LOOP_ANALYSIS = YES;
				CLANG_WARN_STRICT_PROTOTYPES = YES;
				CLANG_WARN_SUSPICIOUS_MOVE = YES;
				CLANG_WARN_UNGUARDED_AVAILABILITY = YES_AGGRESSIVE;
				CLANG_WARN_UNREACHABLE_CODE = YES;
				CLANG_WARN__DUPLICATE_METHOD_MATCH = YES;
				COPY_PHASE_STRIP = NO;
				DEBUG_INFORMATION_FORMAT = "dwarf-with-dsym";
				ENABLE_NS_ASSERTIONS = NO;
				ENABLE_STRICT_OBJC_MSGSEND = YES;
				GCC_C_LANGUAGE_STANDARD = gnu11;
				GCC_NO_COMMON_BLOCKS = YES;
				GCC_WARN_64_TO_32_BIT_CONVERSION = YES;
				GCC_WARN_ABOUT_RETURN_TYPE = YES_ERROR;
				GCC_WARN_UNDECLARED_SELECTOR = YES;
				GCC_WARN_UNINITIALIZED_AUTOS = YES_AGGRESSIVE;
				GCC_WARN_UNUSED_FUNCTION = YES;
				GCC_WARN_UNUSED_VARIABLE = YES;
				IPHONEOS_DEPLOYMENT_TARGET = 15.4;
				MTL_ENABLE_DEBUG_INFO = NO;
				MTL_FAST_MATH = YES;
				SDKROOT = iphoneos;
				SWIFT_COMPILATION_MODE = wholemodule;
				SWIFT_OPTIMIZATION_LEVEL = "-O";
				VALIDATE_PRODUCT = YES;
			};
			name = Release;
		};
		526251C727F554C700B24F3F /* Debug */ = {
			isa = XCBuildConfiguration;
			buildSettings = {
				ASSETCATALOG_COMPILER_APPICON_NAME = AppIcon;
				ASSETCATALOG_COMPILER_GLOBAL_ACCENT_COLOR_NAME = AccentColor;
				CODE_SIGN_STYLE = Automatic;
				CURRENT_PROJECT_VERSION = 1;
				GENERATE_INFOPLIST_FILE = YES;
				INFOPLIST_FILE = Practica3/Info.plist;
				INFOPLIST_KEY_UIApplicationSupportsIndirectInputEvents = YES;
				INFOPLIST_KEY_UILaunchStoryboardName = LaunchScreen;
				INFOPLIST_KEY_UIMainStoryboardFile = Main;
				INFOPLIST_KEY_UISupportedInterfaceOrientations_iPad = "UIInterfaceOrientationPortrait UIInterfaceOrientationPortraitUpsideDown UIInterfaceOrientationLandscapeLeft UIInterfaceOrientationLandscapeRight";
				INFOPLIST_KEY_UISupportedInterfaceOrientations_iPhone = "UIInterfaceOrientationPortrait UIInterfaceOrientationLandscapeLeft UIInterfaceOrientationLandscapeRight";
				LD_RUNPATH_SEARCH_PATHS = (
					"$(inherited)",
					"@executable_path/Frameworks",
				);
				MARKETING_VERSION = 1.0;
				PRODUCT_BUNDLE_IDENTIFIER = oscar.hernandez.practica3;
				PRODUCT_NAME = "$(TARGET_NAME)";
				SWIFT_EMIT_LOC_STRINGS = YES;
				SWIFT_VERSION = 5.0;
				TARGETED_DEVICE_FAMILY = 1;
			};
			name = Debug;
		};
		526251C827F554C700B24F3F /* Release */ = {
			isa = XCBuildConfiguration;
			buildSettings = {
				ASSETCATALOG_COMPILER_APPICON_NAME = AppIcon;
				ASSETCATALOG_COMPILER_GLOBAL_ACCENT_COLOR_NAME = AccentColor;
				CODE_SIGN_STYLE = Automatic;
				CURRENT_PROJECT_VERSION = 1;
				GENERATE_INFOPLIST_FILE = YES;
				INFOPLIST_FILE = Practica3/Info.plist;
				INFOPLIST_KEY_UIApplicationSupportsIndirectInputEvents = YES;
				INFOPLIST_KEY_UILaunchStoryboardName = LaunchScreen;
				INFOPLIST_KEY_UIMainStoryboardFile = Main;
				INFOPLIST_KEY_UISupportedInterfaceOrientations_iPad = "UIInterfaceOrientationPortrait UIInterfaceOrientationPortraitUpsideDown UIInterfaceOrientationLandscapeLeft UIInterfaceOrientationLandscapeRight";
				INFOPLIST_KEY_UISupportedInterfaceOrientations_iPhone = "UIInterfaceOrientationPortrait UIInterfaceOrientationLandscapeLeft UIInterfaceOrientationLandscapeRight";
				LD_RUNPATH_SEARCH_PATHS = (
					"$(inherited)",
					"@executable_path/Frameworks",
				);
				MARKETING_VERSION = 1.0;
				PRODUCT_BUNDLE_IDENTIFIER = oscar.hernandez.practica3;
				PRODUCT_NAME = "$(TARGET_NAME)";
				SWIFT_EMIT_LOC_STRINGS = YES;
				SWIFT_VERSION = 5.0;
				TARGETED_DEVICE_FAMILY = 1;
			};
			name = Release;
		};
/* End XCBuildConfiguration section */

/* Begin XCConfigurationList section */
		526251AD27F554C500B24F3F /* Build configuration list for PBXProject "Practica3" */ = {
			isa = XCConfigurationList;
			buildConfigurations = (
				526251C427F554C700B24F3F /* Debug */,
				526251C527F554C700B24F3F /* Release */,
			);
			defaultConfigurationIsVisible = 0;
			defaultConfigurationName = Release;
		};
		526251C627F554C700B24F3F /* Build configuration list for PBXNativeTarget "Practica3" */ = {
			isa = XCConfigurationList;
			buildConfigurations = (
				526251C727F554C700B24F3F /* Debug */,
				526251C827F554C700B24F3F /* Release */,
			);
			defaultConfigurationIsVisible = 0;
			defaultConfigurationName = Release;
		};
/* End XCConfigurationList section */

/* Begin XCVersionGroup section */
		99FB2FEA2800C17D00839C39 /* Practica3.xcdatamodeld */ = {
			isa = XCVersionGroup;
			children = (
				99FB2FEB2800C17D00839C39 /* Practica3.xcdatamodel */,
			);
			currentVersion = 99FB2FEB2800C17D00839C39 /* Practica3.xcdatamodel */;
			path = Practica3.xcdatamodeld;
			sourceTree = "<group>";
			versionGroupType = wrapper.xcdatamodel;
		};
/* End XCVersionGroup section */
	};
	rootObject = 526251AA27F554C500B24F3F /* Project object */;
}
